// !$*UTF8*$!
{
	archiveVersion = 1;
	classes = {
	};
	objectVersion = 56;
	objects = {

/* Begin PBXBuildFile section */
		7AEAF59D28E4998900A4B375 /* MonthlyApp.swift in Sources */ = {isa = PBXBuildFile; fileRef = 7AEAF59C28E4998900A4B375 /* MonthlyApp.swift */; };
		7AEAF59F28E4998900A4B375 /* ContentView.swift in Sources */ = {isa = PBXBuildFile; fileRef = 7AEAF59E28E4998900A4B375 /* ContentView.swift */; };
		7AEAF5A128E4998B00A4B375 /* Assets.xcassets in Resources */ = {isa = PBXBuildFile; fileRef = 7AEAF5A028E4998B00A4B375 /* Assets.xcassets */; };
		7AEAF5A428E4998B00A4B375 /* Preview Assets.xcassets in Resources */ = {isa = PBXBuildFile; fileRef = 7AEAF5A328E4998B00A4B375 /* Preview Assets.xcassets */; };
		7AEAF5B128E499B000A4B375 /* WidgetKit.framework in Frameworks */ = {isa = PBXBuildFile; fileRef = 7AEAF5B028E499B000A4B375 /* WidgetKit.framework */; };
		7AEAF5B328E499B000A4B375 /* SwiftUI.framework in Frameworks */ = {isa = PBXBuildFile; fileRef = 7AEAF5B228E499B000A4B375 /* SwiftUI.framework */; };
		7AEAF5B628E499B000A4B375 /* MonthlyWidget.swift in Sources */ = {isa = PBXBuildFile; fileRef = 7AEAF5B528E499B000A4B375 /* MonthlyWidget.swift */; };
		7AEAF5B928E499B300A4B375 /* Assets.xcassets in Resources */ = {isa = PBXBuildFile; fileRef = 7AEAF5B828E499B300A4B375 /* Assets.xcassets */; };
		7AEAF5BB28E499B300A4B375 /* MonthlyWidget.intentdefinition in Sources */ = {isa = PBXBuildFile; fileRef = 7AEAF5B728E499B000A4B375 /* MonthlyWidget.intentdefinition */; };
		7AEAF5BC28E499B300A4B375 /* MonthlyWidget.intentdefinition in Sources */ = {isa = PBXBuildFile; fileRef = 7AEAF5B728E499B000A4B375 /* MonthlyWidget.intentdefinition */; };
		7AEAF5BF28E499B300A4B375 /* MonthlyWidgetExtension.appex in Embed Foundation Extensions */ = {isa = PBXBuildFile; fileRef = 7AEAF5AE28E499B000A4B375 /* MonthlyWidgetExtension.appex */; settings = {ATTRIBUTES = (RemoveHeadersOnCopy, ); }; };
		7AEAF5C528E49A4400A4B375 /* MonthConfig.swift in Sources */ = {isa = PBXBuildFile; fileRef = 7AEAF5C428E49A4400A4B375 /* MonthConfig.swift */; };
		7AEAF5C628E49A4400A4B375 /* MonthConfig.swift in Sources */ = {isa = PBXBuildFile; fileRef = 7AEAF5C428E49A4400A4B375 /* MonthConfig.swift */; };
		7AEAF5C828E49A6A00A4B375 /* Color+Ext.swift in Sources */ = {isa = PBXBuildFile; fileRef = 7AEAF5C728E49A6A00A4B375 /* Color+Ext.swift */; };
		7AEAF5C928E49A6A00A4B375 /* Color+Ext.swift in Sources */ = {isa = PBXBuildFile; fileRef = 7AEAF5C728E49A6A00A4B375 /* Color+Ext.swift */; };
/* End PBXBuildFile section */

/* Begin PBXContainerItemProxy section */
		7AEAF5BD28E499B300A4B375 /* PBXContainerItemProxy */ = {
			isa = PBXContainerItemProxy;
			containerPortal = 7AEAF59128E4998900A4B375 /* Project object */;
			proxyType = 1;
			remoteGlobalIDString = 7AEAF5AD28E499B000A4B375;
			remoteInfo = MonthlyWidgetExtension;
		};
/* End PBXContainerItemProxy section */

/* Begin PBXCopyFilesBuildPhase section */
		7AEAF5C328E499B300A4B375 /* Embed Foundation Extensions */ = {
			isa = PBXCopyFilesBuildPhase;
			buildActionMask = 2147483647;
			dstPath = "";
			dstSubfolderSpec = 13;
			files = (
				7AEAF5BF28E499B300A4B375 /* MonthlyWidgetExtension.appex in Embed Foundation Extensions */,
			);
			name = "Embed Foundation Extensions";
			runOnlyForDeploymentPostprocessing = 0;
		};
/* End PBXCopyFilesBuildPhase section */

/* Begin PBXFileReference section */
		7AEAF59928E4998900A4B375 /* Monthly.app */ = {isa = PBXFileReference; explicitFileType = wrapper.application; includeInIndex = 0; path = Monthly.app; sourceTree = BUILT_PRODUCTS_DIR; };
		7AEAF59C28E4998900A4B375 /* MonthlyApp.swift */ = {isa = PBXFileReference; lastKnownFileType = sourcecode.swift; path = MonthlyApp.swift; sourceTree = "<group>"; };
		7AEAF59E28E4998900A4B375 /* ContentView.swift */ = {isa = PBXFileReference; lastKnownFileType = sourcecode.swift; path = ContentView.swift; sourceTree = "<group>"; };
		7AEAF5A028E4998B00A4B375 /* Assets.xcassets */ = {isa = PBXFileReference; lastKnownFileType = folder.assetcatalog; path = Assets.xcassets; sourceTree = "<group>"; };
		7AEAF5A328E4998B00A4B375 /* Preview Assets.xcassets */ = {isa = PBXFileReference; lastKnownFileType = folder.assetcatalog; path = "Preview Assets.xcassets"; sourceTree = "<group>"; };
		7AEAF5AE28E499B000A4B375 /* MonthlyWidgetExtension.appex */ = {isa = PBXFileReference; explicitFileType = "wrapper.app-extension"; includeInIndex = 0; path = MonthlyWidgetExtension.appex; sourceTree = BUILT_PRODUCTS_DIR; };
		7AEAF5B028E499B000A4B375 /* WidgetKit.framework */ = {isa = PBXFileReference; lastKnownFileType = wrapper.framework; name = WidgetKit.framework; path = System/Library/Frameworks/WidgetKit.framework; sourceTree = SDKROOT; };
		7AEAF5B228E499B000A4B375 /* SwiftUI.framework */ = {isa = PBXFileReference; lastKnownFileType = wrapper.framework; name = SwiftUI.framework; path = System/Library/Frameworks/SwiftUI.framework; sourceTree = SDKROOT; };
		7AEAF5B528E499B000A4B375 /* MonthlyWidget.swift */ = {isa = PBXFileReference; lastKnownFileType = sourcecode.swift; path = MonthlyWidget.swift; sourceTree = "<group>"; };
		7AEAF5B728E499B000A4B375 /* MonthlyWidget.intentdefinition */ = {isa = PBXFileReference; lastKnownFileType = file.intentdefinition; path = MonthlyWidget.intentdefinition; sourceTree = "<group>"; };
		7AEAF5B828E499B300A4B375 /* Assets.xcassets */ = {isa = PBXFileReference; lastKnownFileType = folder.assetcatalog; path = Assets.xcassets; sourceTree = "<group>"; };
		7AEAF5BA28E499B300A4B375 /* Info.plist */ = {isa = PBXFileReference; lastKnownFileType = text.plist.xml; path = Info.plist; sourceTree = "<group>"; };
		7AEAF5C428E49A4400A4B375 /* MonthConfig.swift */ = {isa = PBXFileReference; lastKnownFileType = sourcecode.swift; path = MonthConfig.swift; sourceTree = "<group>"; };
		7AEAF5C728E49A6A00A4B375 /* Color+Ext.swift */ = {isa = PBXFileReference; lastKnownFileType = sourcecode.swift; path = "Color+Ext.swift"; sourceTree = "<group>"; };
/* End PBXFileReference section */

/* Begin PBXFrameworksBuildPhase section */
		7AEAF59628E4998900A4B375 /* Frameworks */ = {
			isa = PBXFrameworksBuildPhase;
			buildActionMask = 2147483647;
			files = (
			);
			runOnlyForDeploymentPostprocessing = 0;
		};
		7AEAF5AB28E499B000A4B375 /* Frameworks */ = {
			isa = PBXFrameworksBuildPhase;
			buildActionMask = 2147483647;
			files = (
				7AEAF5B328E499B000A4B375 /* SwiftUI.framework in Frameworks */,
				7AEAF5B128E499B000A4B375 /* WidgetKit.framework in Frameworks */,
			);
			runOnlyForDeploymentPostprocessing = 0;
		};
/* End PBXFrameworksBuildPhase section */

/* Begin PBXGroup section */
		7AEAF59028E4998900A4B375 = {
			isa = PBXGroup;
			children = (
				7AEAF59B28E4998900A4B375 /* Monthly */,
				7AEAF5B428E499B000A4B375 /* MonthlyWidget */,
				7AEAF5AF28E499B000A4B375 /* Frameworks */,
				7AEAF59A28E4998900A4B375 /* Products */,
			);
			sourceTree = "<group>";
		};
		7AEAF59A28E4998900A4B375 /* Products */ = {
			isa = PBXGroup;
			children = (
				7AEAF59928E4998900A4B375 /* Monthly.app */,
				7AEAF5AE28E499B000A4B375 /* MonthlyWidgetExtension.appex */,
			);
			name = Products;
			sourceTree = "<group>";
		};
		7AEAF59B28E4998900A4B375 /* Monthly */ = {
			isa = PBXGroup;
			children = (
				7AEAF59C28E4998900A4B375 /* MonthlyApp.swift */,
				7AEAF59E28E4998900A4B375 /* ContentView.swift */,
				7AEAF5A028E4998B00A4B375 /* Assets.xcassets */,
				7AEAF5A228E4998B00A4B375 /* Preview Content */,
			);
			path = Monthly;
			sourceTree = "<group>";
		};
		7AEAF5A228E4998B00A4B375 /* Preview Content */ = {
			isa = PBXGroup;
			children = (
				7AEAF5A328E4998B00A4B375 /* Preview Assets.xcassets */,
			);
			path = "Preview Content";
			sourceTree = "<group>";
		};
		7AEAF5AF28E499B000A4B375 /* Frameworks */ = {
			isa = PBXGroup;
			children = (
				7AEAF5B028E499B000A4B375 /* WidgetKit.framework */,
				7AEAF5B228E499B000A4B375 /* SwiftUI.framework */,
			);
			name = Frameworks;
			sourceTree = "<group>";
		};
		7AEAF5B428E499B000A4B375 /* MonthlyWidget */ = {
			isa = PBXGroup;
			children = (
				7AEAF5B528E499B000A4B375 /* MonthlyWidget.swift */,
				7AEAF5C428E49A4400A4B375 /* MonthConfig.swift */,
				7AEAF5C728E49A6A00A4B375 /* Color+Ext.swift */,
				7AEAF5B728E499B000A4B375 /* MonthlyWidget.intentdefinition */,
				7AEAF5B828E499B300A4B375 /* Assets.xcassets */,
				7AEAF5BA28E499B300A4B375 /* Info.plist */,
			);
			path = MonthlyWidget;
			sourceTree = "<group>";
		};
/* End PBXGroup section */

/* Begin PBXNativeTarget section */
		7AEAF59828E4998900A4B375 /* Monthly */ = {
			isa = PBXNativeTarget;
			buildConfigurationList = 7AEAF5A728E4998B00A4B375 /* Build configuration list for PBXNativeTarget "Monthly" */;
			buildPhases = (
				7AEAF59528E4998900A4B375 /* Sources */,
				7AEAF59628E4998900A4B375 /* Frameworks */,
				7AEAF59728E4998900A4B375 /* Resources */,
				7AEAF5C328E499B300A4B375 /* Embed Foundation Extensions */,
			);
			buildRules = (
			);
			dependencies = (
				7AEAF5BE28E499B300A4B375 /* PBXTargetDependency */,
			);
			name = Monthly;
			productName = Monthly;
			productReference = 7AEAF59928E4998900A4B375 /* Monthly.app */;
			productType = "com.apple.product-type.application";
		};
		7AEAF5AD28E499B000A4B375 /* MonthlyWidgetExtension */ = {
			isa = PBXNativeTarget;
			buildConfigurationList = 7AEAF5C028E499B300A4B375 /* Build configuration list for PBXNativeTarget "MonthlyWidgetExtension" */;
			buildPhases = (
				7AEAF5AA28E499B000A4B375 /* Sources */,
				7AEAF5AB28E499B000A4B375 /* Frameworks */,
				7AEAF5AC28E499B000A4B375 /* Resources */,
			);
			buildRules = (
			);
			dependencies = (
			);
			name = MonthlyWidgetExtension;
			productName = MonthlyWidgetExtension;
			productReference = 7AEAF5AE28E499B000A4B375 /* MonthlyWidgetExtension.appex */;
			productType = "com.apple.product-type.app-extension";
		};
/* End PBXNativeTarget section */

/* Begin PBXProject section */
		7AEAF59128E4998900A4B375 /* Project object */ = {
			isa = PBXProject;
			attributes = {
				BuildIndependentTargetsInParallel = 1;
				LastSwiftUpdateCheck = 1400;
				LastUpgradeCheck = 1400;
				TargetAttributes = {
					7AEAF59828E4998900A4B375 = {
						CreatedOnToolsVersion = 14.0.1;
					};
					7AEAF5AD28E499B000A4B375 = {
						CreatedOnToolsVersion = 14.0.1;
					};
				};
			};
			buildConfigurationList = 7AEAF59428E4998900A4B375 /* Build configuration list for PBXProject "Monthly" */;
			compatibilityVersion = "Xcode 14.0";
			developmentRegion = en;
			hasScannedForEncodings = 0;
			knownRegions = (
				en,
				Base,
			);
			mainGroup = 7AEAF59028E4998900A4B375;
			productRefGroup = 7AEAF59A28E4998900A4B375 /* Products */;
			projectDirPath = "";
			projectRoot = "";
			targets = (
				7AEAF59828E4998900A4B375 /* Monthly */,
				7AEAF5AD28E499B000A4B375 /* MonthlyWidgetExtension */,
			);
		};
/* End PBXProject section */

/* Begin PBXResourcesBuildPhase section */
		7AEAF59728E4998900A4B375 /* Resources */ = {
			isa = PBXResourcesBuildPhase;
			buildActionMask = 2147483647;
			files = (
				7AEAF5A428E4998B00A4B375 /* Preview Assets.xcassets in Resources */,
				7AEAF5A128E4998B00A4B375 /* Assets.xcassets in Resources */,
			);
			runOnlyForDeploymentPostprocessing = 0;
		};
		7AEAF5AC28E499B000A4B375 /* Resources */ = {
			isa = PBXResourcesBuildPhase;
			buildActionMask = 2147483647;
			files = (
				7AEAF5B928E499B300A4B375 /* Assets.xcassets in Resources */,
			);
			runOnlyForDeploymentPostprocessing = 0;
		};
/* End PBXResourcesBuildPhase section */

/* Begin PBXSourcesBuildPhase section */
		7AEAF59528E4998900A4B375 /* Sources */ = {
			isa = PBXSourcesBuildPhase;
			buildActionMask = 2147483647;
			files = (
				7AEAF5C528E49A4400A4B375 /* MonthConfig.swift in Sources */,
				7AEAF59F28E4998900A4B375 /* ContentView.swift in Sources */,
				7AEAF5BC28E499B300A4B375 /* MonthlyWidget.intentdefinition in Sources */,
				7AEAF59D28E4998900A4B375 /* MonthlyApp.swift in Sources */,
				7AEAF5C828E49A6A00A4B375 /* Color+Ext.swift in Sources */,
			);
			runOnlyForDeploymentPostprocessing = 0;
		};
		7AEAF5AA28E499B000A4B375 /* Sources */ = {
			isa = PBXSourcesBuildPhase;
			buildActionMask = 2147483647;
			files = (
				7AEAF5BB28E499B300A4B375 /* MonthlyWidget.intentdefinition in Sources */,
				7AEAF5C928E49A6A00A4B375 /* Color+Ext.swift in Sources */,
				7AEAF5C628E49A4400A4B375 /* MonthConfig.swift in Sources */,
				7AEAF5B628E499B000A4B375 /* MonthlyWidget.swift in Sources */,
			);
			runOnlyForDeploymentPostprocessing = 0;
		};
/* End PBXSourcesBuildPhase section */

/* Begin PBXTargetDependency section */
		7AEAF5BE28E499B300A4B375 /* PBXTargetDependency */ = {
			isa = PBXTargetDependency;
			target = 7AEAF5AD28E499B000A4B375 /* MonthlyWidgetExtension */;
			targetProxy = 7AEAF5BD28E499B300A4B375 /* PBXContainerItemProxy */;
		};
/* End PBXTargetDependency section */

/* Begin XCBuildConfiguration section */
		7AEAF5A528E4998B00A4B375 /* Debug */ = {
			isa = XCBuildConfiguration;
			buildSettings = {
				ALWAYS_SEARCH_USER_PATHS = NO;
				CLANG_ANALYZER_NONNULL = YES;
				CLANG_ANALYZER_NUMBER_OBJECT_CONVERSION = YES_AGGRESSIVE;
				CLANG_CXX_LANGUAGE_STANDARD = "gnu++20";
				CLANG_ENABLE_MODULES = YES;
				CLANG_ENABLE_OBJC_ARC = YES;
				CLANG_ENABLE_OBJC_WEAK = YES;
				CLANG_WARN_BLOCK_CAPTURE_AUTORELEASING = YES;
				CLANG_WARN_BOOL_CONVERSION = YES;
				CLANG_WARN_COMMA = YES;
				CLANG_WARN_CONSTANT_CONVERSION = YES;
				CLANG_WARN_DEPRECATED_OBJC_IMPLEMENTATIONS = YES;
				CLANG_WARN_DIRECT_OBJC_ISA_USAGE = YES_ERROR;
				CLANG_WARN_DOCUMENTATION_COMMENTS = YES;
				CLANG_WARN_EMPTY_BODY = YES;
				CLANG_WARN_ENUM_CONVERSION = YES;
				CLANG_WARN_INFINITE_RECURSION = YES;
				CLANG_WARN_INT_CONVERSION = YES;
				CLANG_WARN_NON_LITERAL_NULL_CONVERSION = YES;
				CLANG_WARN_OBJC_IMPLICIT_RETAIN_SELF = YES;
				CLANG_WARN_OBJC_LITERAL_CONVERSION = YES;
				CLANG_WARN_OBJC_ROOT_CLASS = YES_ERROR;
				CLANG_WARN_QUOTED_INCLUDE_IN_FRAMEWORK_HEADER = YES;
				CLANG_WARN_RANGE_LOOP_ANALYSIS = YES;
				CLANG_WARN_STRICT_PROTOTYPES = YES;
				CLANG_WARN_SUSPICIOUS_MOVE = YES;
				CLANG_WARN_UNGUARDED_AVAILABILITY = YES_AGGRESSIVE;
				CLANG_WARN_UNREACHABLE_CODE = YES;
				CLANG_WARN__DUPLICATE_METHOD_MATCH = YES;
				COPY_PHASE_STRIP = NO;
				DEBUG_INFORMATION_FORMAT = dwarf;
				ENABLE_STRICT_OBJC_MSGSEND = YES;
				ENABLE_TESTABILITY = YES;
				GCC_C_LANGUAGE_STANDARD = gnu11;
				GCC_DYNAMIC_NO_PIC = NO;
				GCC_NO_COMMON_BLOCKS = YES;
				GCC_OPTIMIZATION_LEVEL = 0;
				GCC_PREPROCESSOR_DEFINITIONS = (
					"DEBUG=1",
					"$(inherited)",
				);
				GCC_WARN_64_TO_32_BIT_CONVERSION = YES;
				GCC_WARN_ABOUT_RETURN_TYPE = YES_ERROR;
				GCC_WARN_UNDECLARED_SELECTOR = YES;
				GCC_WARN_UNINITIALIZED_AUTOS = YES_AGGRESSIVE;
				GCC_WARN_UNUSED_FUNCTION = YES;
				GCC_WARN_UNUSED_VARIABLE = YES;
				IPHONEOS_DEPLOYMENT_TARGET = 16.0;
				MTL_ENABLE_DEBUG_INFO = INCLUDE_SOURCE;
				MTL_FAST_MATH = YES;
				ONLY_ACTIVE_ARCH = YES;
				SDKROOT = iphoneos;
				SWIFT_ACTIVE_COMPILATION_CONDITIONS = DEBUG;
				SWIFT_OPTIMIZATION_LEVEL = "-Onone";
			};
			name = Debug;
		};
		7AEAF5A628E4998B00A4B375 /* Release */ = {
			isa = XCBuildConfiguration;
			buildSettings = {
				ALWAYS_SEARCH_USER_PATHS = NO;
				CLANG_ANALYZER_NONNULL = YES;
				CLANG_ANALYZER_NUMBER_OBJECT_CONVERSION = YES_AGGRESSIVE;
				CLANG_CXX_LANGUAGE_STANDARD = "gnu++20";
				CLANG_ENABLE_MODULES = YES;
				CLANG_ENABLE_OBJC_ARC = YES;
				CLANG_ENABLE_OBJC_WEAK = YES;
				CLANG_WARN_BLOCK_CAPTURE_AUTORELEASING = YES;
				CLANG_WARN_BOOL_CONVERSION = YES;
				CLANG_WARN_COMMA = YES;
				CLANG_WARN_CONSTANT_CONVERSION = YES;
				CLANG_WARN_DEPRECATED_OBJC_IMPLEMENTATIONS = YES;
				CLANG_WARN_DIRECT_OBJC_ISA_USAGE = YES_ERROR;
				CLANG_WARN_DOCUMENTATION_COMMENTS = YES;
				CLANG_WARN_EMPTY_BODY = YES;
				CLANG_WARN_ENUM_CONVERSION = YES;
				CLANG_WARN_INFINITE_RECURSION = YES;
				CLANG_WARN_INT_CONVERSION = YES;
				CLANG_WARN_NON_LITERAL_NULL_CONVERSION = YES;
				CLANG_WARN_OBJC_IMPLICIT_RETAIN_SELF = YES;
				CLANG_WARN_OBJC_LITERAL_CONVERSION = YES;
				CLANG_WARN_OBJC_ROOT_CLASS = YES_ERROR;
				CLANG_WARN_QUOTED_INCLUDE_IN_FRAMEWORK_HEADER = YES;
				CLANG_WARN_RANGE_LOOP_ANALYSIS = YES;
				CLANG_WARN_STRICT_PROTOTYPES = YES;
				CLANG_WARN_SUSPICIOUS_MOVE = YES;
				CLANG_WARN_UNGUARDED_AVAILABILITY = YES_AGGRESSIVE;
				CLANG_WARN_UNREACHABLE_CODE = YES;
				CLANG_WARN__DUPLICATE_METHOD_MATCH = YES;
				COPY_PHASE_STRIP = NO;
				DEBUG_INFORMATION_FORMAT = "dwarf-with-dsym";
				ENABLE_NS_ASSERTIONS = NO;
				ENABLE_STRICT_OBJC_MSGSEND = YES;
				GCC_C_LANGUAGE_STANDARD = gnu11;
				GCC_NO_COMMON_BLOCKS = YES;
				GCC_WARN_64_TO_32_BIT_CONVERSION = YES;
				GCC_WARN_ABOUT_RETURN_TYPE = YES_ERROR;
				GCC_WARN_UNDECLARED_SELECTOR = YES;
				GCC_WARN_UNINITIALIZED_AUTOS = YES_AGGRESSIVE;
				GCC_WARN_UNUSED_FUNCTION = YES;
				GCC_WARN_UNUSED_VARIABLE = YES;
				IPHONEOS_DEPLOYMENT_TARGET = 16.0;
				MTL_ENABLE_DEBUG_INFO = NO;
				MTL_FAST_MATH = YES;
				SDKROOT = iphoneos;
				SWIFT_COMPILATION_MODE = wholemodule;
				SWIFT_OPTIMIZATION_LEVEL = "-O";
				VALIDATE_PRODUCT = YES;
			};
			name = Release;
		};
		7AEAF5A828E4998B00A4B375 /* Debug */ = {
			isa = XCBuildConfiguration;
			buildSettings = {
				ALWAYS_EMBED_SWIFT_STANDARD_LIBRARIES = YES;
				ASSETCATALOG_COMPILER_APPICON_NAME = AppIcon;
				ASSETCATALOG_COMPILER_GLOBAL_ACCENT_COLOR_NAME = AccentColor;
				CODE_SIGN_STYLE = Automatic;
				CURRENT_PROJECT_VERSION = 1;
				DEVELOPMENT_ASSET_PATHS = "\"Monthly/Preview Content\"";
				DEVELOPMENT_TEAM = HNWS6HMZZ5;
				ENABLE_PREVIEWS = YES;
				GENERATE_INFOPLIST_FILE = YES;
				INFOPLIST_KEY_UIApplicationSceneManifest_Generation = YES;
				INFOPLIST_KEY_UIApplicationSupportsIndirectInputEvents = YES;
				INFOPLIST_KEY_UILaunchScreen_Generation = YES;
				INFOPLIST_KEY_UISupportedInterfaceOrientations_iPad = "UIInterfaceOrientationPortrait UIInterfaceOrientationPortraitUpsideDown UIInterfaceOrientationLandscapeLeft UIInterfaceOrientationLandscapeRight";
				INFOPLIST_KEY_UISupportedInterfaceOrientations_iPhone = "UIInterfaceOrientationPortrait UIInterfaceOrientationLandscapeLeft UIInterfaceOrientationLandscapeRight";
				LD_RUNPATH_SEARCH_PATHS = (
					"$(inherited)",
					"@executable_path/Frameworks",
				);
				MARKETING_VERSION = 1.0;
				PRODUCT_BUNDLE_IDENTIFIER = com.gosch.Monthly;
				PRODUCT_NAME = "$(TARGET_NAME)";
				SWIFT_EMIT_LOC_STRINGS = YES;
				SWIFT_VERSION = 5.0;
				TARGETED_DEVICE_FAMILY = "1,2";
			};
			name = Debug;
		};
		7AEAF5A928E4998B00A4B375 /* Release */ = {
			isa = XCBuildConfiguration;
			buildSettings = {
				ALWAYS_EMBED_SWIFT_STANDARD_LIBRARIES = YES;
				ASSETCATALOG_COMPILER_APPICON_NAME = AppIcon;
				ASSETCATALOG_COMPILER_GLOBAL_ACCENT_COLOR_NAME = AccentColor;
				CODE_SIGN_STYLE = Automatic;
				CURRENT_PROJECT_VERSION = 1;
				DEVELOPMENT_ASSET_PATHS = "\"Monthly/Preview Content\"";
				DEVELOPMENT_TEAM = HNWS6HMZZ5;
				ENABLE_PREVIEWS = YES;
				GENERATE_INFOPLIST_FILE = YES;
				INFOPLIST_KEY_UIApplicationSceneManifest_Generation = YES;
				INFOPLIST_KEY_UIApplicationSupportsIndirectInputEvents = YES;
				INFOPLIST_KEY_UILaunchScreen_Generation = YES;
				INFOPLIST_KEY_UISupportedInterfaceOrientations_iPad = "UIInterfaceOrientationPortrait UIInterfaceOrientationPortraitUpsideDown UIInterfaceOrientationLandscapeLeft UIInterfaceOrientationLandscapeRight";
				INFOPLIST_KEY_UISupportedInterfaceOrientations_iPhone = "UIInterfaceOrientationPortrait UIInterfaceOrientationLandscapeLeft UIInterfaceOrientationLandscapeRight";
				LD_RUNPATH_SEARCH_PATHS = (
					"$(inherited)",
					"@executable_path/Frameworks",
				);
				MARKETING_VERSION = 1.0;
				PRODUCT_BUNDLE_IDENTIFIER = com.gosch.Monthly;
				PRODUCT_NAME = "$(TARGET_NAME)";
				SWIFT_EMIT_LOC_STRINGS = YES;
				SWIFT_VERSION = 5.0;
				TARGETED_DEVICE_FAMILY = "1,2";
			};
			name = Release;
		};
		7AEAF5C128E499B300A4B375 /* Debug */ = {
			isa = XCBuildConfiguration;
			buildSettings = {
				ASSETCATALOG_COMPILER_GLOBAL_ACCENT_COLOR_NAME = AccentColor;
				ASSETCATALOG_COMPILER_WIDGET_BACKGROUND_COLOR_NAME = WidgetBackground;
				CODE_SIGN_STYLE = Automatic;
				CURRENT_PROJECT_VERSION = 1;
				DEVELOPMENT_TEAM = HNWS6HMZZ5;
				GENERATE_INFOPLIST_FILE = YES;
				INFOPLIST_FILE = MonthlyWidget/Info.plist;
				INFOPLIST_KEY_CFBundleDisplayName = MonthlyWidget;
				INFOPLIST_KEY_NSHumanReadableCopyright = "";
				LD_RUNPATH_SEARCH_PATHS = (
					"$(inherited)",
					"@executable_path/Frameworks",
					"@executable_path/../../Frameworks",
				);
				MARKETING_VERSION = 1.0;
				PRODUCT_BUNDLE_IDENTIFIER = com.gosch.Monthly.MonthlyWidget;
				PRODUCT_NAME = "$(TARGET_NAME)";
				SKIP_INSTALL = YES;
				SWIFT_EMIT_LOC_STRINGS = YES;
				SWIFT_VERSION = 5.0;
				TARGETED_DEVICE_FAMILY = "1,2";
			};
			name = Debug;
		};
		7AEAF5C228E499B300A4B375 /* Release */ = {
			isa = XCBuildConfiguration;
			buildSettings = {
				ASSETCATALOG_COMPILER_GLOBAL_ACCENT_COLOR_NAME = AccentColor;
				ASSETCATALOG_COMPILER_WIDGET_BACKGROUND_COLOR_NAME = WidgetBackground;
				CODE_SIGN_STYLE = Automatic;
				CURRENT_PROJECT_VERSION = 1;
				DEVELOPMENT_TEAM = HNWS6HMZZ5;
				GENERATE_INFOPLIST_FILE = YES;
				INFOPLIST_FILE = MonthlyWidget/Info.plist;
				INFOPLIST_KEY_CFBundleDisplayName = MonthlyWidget;
				INFOPLIST_KEY_NSHumanReadableCopyright = "";
				LD_RUNPATH_SEARCH_PATHS = (
					"$(inherited)",
					"@executable_path/Frameworks",
					"@executable_path/../../Frameworks",
				);
				MARKETING_VERSION = 1.0;
				PRODUCT_BUNDLE_IDENTIFIER = com.gosch.Monthly.MonthlyWidget;
				PRODUCT_NAME = "$(TARGET_NAME)";
				SKIP_INSTALL = YES;
				SWIFT_EMIT_LOC_STRINGS = YES;
				SWIFT_VERSION = 5.0;
				TARGETED_DEVICE_FAMILY = "1,2";
			};
			name = Release;
		};
/* End XCBuildConfiguration section */

/* Begin XCConfigurationList section */
		7AEAF59428E4998900A4B375 /* Build configuration list for PBXProject "Monthly" */ = {
			isa = XCConfigurationList;
			buildConfigurations = (
				7AEAF5A528E4998B00A4B375 /* Debug */,
				7AEAF5A628E4998B00A4B375 /* Release */,
			);
			defaultConfigurationIsVisible = 0;
			defaultConfigurationName = Release;
		};
		7AEAF5A728E4998B00A4B375 /* Build configuration list for PBXNativeTarget "Monthly" */ = {
			isa = XCConfigurationList;
			buildConfigurations = (
				7AEAF5A828E4998B00A4B375 /* Debug */,
				7AEAF5A928E4998B00A4B375 /* Release */,
			);
			defaultConfigurationIsVisible = 0;
			defaultConfigurationName = Release;
		};
		7AEAF5C028E499B300A4B375 /* Build configuration list for PBXNativeTarget "MonthlyWidgetExtension" */ = {
			isa = XCConfigurationList;
			buildConfigurations = (
				7AEAF5C128E499B300A4B375 /* Debug */,
				7AEAF5C228E499B300A4B375 /* Release */,
			);
			defaultConfigurationIsVisible = 0;
			defaultConfigurationName = Release;
		};
/* End XCConfigurationList section */
	};
	rootObject = 7AEAF59128E4998900A4B375 /* Project object */;
}
